
Microsoft Visual Studio Solution File, Format Version 12.00
# Visual Studio Version 16
VisualStudioVersion = 16.0.33529.622
MinimumVisualStudioVersion = 10.0.40219.1
Project("{FAE04EC0-301F-11D3-BF4B-00C04F79EFBC}") = "Rudra", "Rudra\Rudra.csproj", "{BFA31CB7-2847-41CE-A199-3A89C6474A61}"
EndProject
Global
	GlobalSection(SolutionConfigurationPlatforms) = preSolution
		Debug|Any CPU = Debug|Any CPU
		Release|Any CPU = Release|Any CPU
	EndGlobalSection
	GlobalSection(ProjectConfigurationPlatforms) = postSolution
		{BFA31CB7-2847-41CE-A199-3A89C6474A61}.Debug|Any CPU.ActiveCfg = Debug|Any CPU
		{BFA31CB7-2847-41CE-A199-3A89C6474A61}.Debug|Any CPU.Build.0 = Debug|Any CPU
		{BFA31CB7-2847-41CE-A199-3A89C6474A61}.Release|Any CPU.ActiveCfg = Release|Any CPU
		{BFA31CB7-2847-41CE-A199-3A89C6474A61}.Release|Any CPU.Build.0 = Release|Any CPU
	EndGlobalSection
	GlobalSection(SolutionProperties) = preSolution
		HideSolutionNode = FALSE
	EndGlobalSection
	GlobalSection(ExtensibilityGlobals) = postSolution
		SolutionGuid = {A708DEA7-C398-4028-9CCF-91BCD6A94524}
	EndGlobalSection
EndGlobal
